
Microsoft Visual Studio Solution File, Format Version 12.00
# Visual Studio Version 17
VisualStudioVersion = 17.10.35027.167
MinimumVisualStudioVersion = 10.0.40219.1
Project("{FAE04EC0-301F-11D3-BF4B-00C04F79EFBC}") = "44", "44.csproj", "{91D649B8-D615-42C1-B8FA-8F5E8FFAEABB}"
EndProject
Global
	GlobalSection(SolutionConfigurationPlatforms) = preSolution
		Debug|Any CPU = Debug|Any CPU
		Release|Any CPU = Release|Any CPU
	EndGlobalSection
	GlobalSection(ProjectConfigurationPlatforms) = postSolution
		{91D649B8-D615-42C1-B8FA-8F5E8FFAEABB}.Debug|Any CPU.ActiveCfg = Debug|Any CPU
		{91D649B8-D615-42C1-B8FA-8F5E8FFAEABB}.Debug|Any CPU.Build.0 = Debug|Any CPU
		{91D649B8-D615-42C1-B8FA-8F5E8FFAEABB}.Release|Any CPU.ActiveCfg = Release|Any CPU
		{91D649B8-D615-42C1-B8FA-8F5E8FFAEABB}.Release|Any CPU.Build.0 = Release|Any CPU
	EndGlobalSection
	GlobalSection(SolutionProperties) = preSolution
		HideSolutionNode = FALSE
	EndGlobalSection
	GlobalSection(ExtensibilityGlobals) = postSolution
		SolutionGuid = {A5DFD746-E3B6-4700-8E2F-23400082524D}
	EndGlobalSection
EndGlobal
